
Microsoft Visual Studio Solution File, Format Version 12.00
# Visual Studio Version 16
VisualStudioVersion = 16.0.30804.86
MinimumVisualStudioVersion = 10.0.40219.1
Project("{9A19103F-16F7-4668-BE54-9A1E7A4F7556}") = "TCPClient", "TCPClient\TCPClient.csproj", "{A941CE26-78FD-45DD-8628-19FA43B65137}"
EndProject
Project("{9A19103F-16F7-4668-BE54-9A1E7A4F7556}") = "TCPServer", "TCPServer\TCPServer.csproj", "{8908CD1F-1291-4F24-BABA-12BD85AEEA55}"
	ProjectSection(ProjectDependencies) = postProject
		{A941CE26-78FD-45DD-8628-19FA43B65137} = {A941CE26-78FD-45DD-8628-19FA43B65137}
	EndProjectSection
EndProject
Project("{FAE04EC0-301F-11D3-BF4B-00C04F79EFBC}") = "HelloCSharpWin", "HelloCSharpWin\HelloCSharpWin.csproj", "{64646DCC-185C-45BF-922A-38C7DB6B9904}"
EndProject
Project("{FAE04EC0-301F-11D3-BF4B-00C04F79EFBC}") = "HelloCSharp", "HelloCSharp\HelloCSharp.csproj", "{62629D7A-F8DE-4A34-B680-32032BA51BC1}"
EndProject
Project("{FAE04EC0-301F-11D3-BF4B-00C04F79EFBC}") = "CuteCat", "CuteCat\CuteCat.csproj", "{161C0DF4-0D09-4EE7-A110-33236E80FBAE}"
EndProject
Project("{FAE04EC0-301F-11D3-BF4B-00C04F79EFBC}") = "AnimalShelter", "AnimalShelter\AnimalShelter.csproj", "{14308D1C-7BF8-45FE-B718-B968A2165D19}"
EndProject
Global
	GlobalSection(SolutionConfigurationPlatforms) = preSolution
		Debug|Any CPU = Debug|Any CPU
		Release|Any CPU = Release|Any CPU
	EndGlobalSection
	GlobalSection(ProjectConfigurationPlatforms) = postSolution
		{A941CE26-78FD-45DD-8628-19FA43B65137}.Debug|Any CPU.ActiveCfg = Debug|Any CPU
		{A941CE26-78FD-45DD-8628-19FA43B65137}.Debug|Any CPU.Build.0 = Debug|Any CPU
		{A941CE26-78FD-45DD-8628-19FA43B65137}.Release|Any CPU.ActiveCfg = Release|Any CPU
		{A941CE26-78FD-45DD-8628-19FA43B65137}.Release|Any CPU.Build.0 = Release|Any CPU
		{8908CD1F-1291-4F24-BABA-12BD85AEEA55}.Debug|Any CPU.ActiveCfg = Debug|Any CPU
		{8908CD1F-1291-4F24-BABA-12BD85AEEA55}.Debug|Any CPU.Build.0 = Debug|Any CPU
		{8908CD1F-1291-4F24-BABA-12BD85AEEA55}.Release|Any CPU.ActiveCfg = Release|Any CPU
		{8908CD1F-1291-4F24-BABA-12BD85AEEA55}.Release|Any CPU.Build.0 = Release|Any CPU
		{64646DCC-185C-45BF-922A-38C7DB6B9904}.Debug|Any CPU.ActiveCfg = Debug|Any CPU
		{64646DCC-185C-45BF-922A-38C7DB6B9904}.Debug|Any CPU.Build.0 = Debug|Any CPU
		{64646DCC-185C-45BF-922A-38C7DB6B9904}.Release|Any CPU.ActiveCfg = Release|Any CPU
		{64646DCC-185C-45BF-922A-38C7DB6B9904}.Release|Any CPU.Build.0 = Release|Any CPU
		{62629D7A-F8DE-4A34-B680-32032BA51BC1}.Debug|Any CPU.ActiveCfg = Debug|Any CPU
		{62629D7A-F8DE-4A34-B680-32032BA51BC1}.Debug|Any CPU.Build.0 = Debug|Any CPU
		{62629D7A-F8DE-4A34-B680-32032BA51BC1}.Release|Any CPU.ActiveCfg = Release|Any CPU
		{62629D7A-F8DE-4A34-B680-32032BA51BC1}.Release|Any CPU.Build.0 = Release|Any CPU
		{161C0DF4-0D09-4EE7-A110-33236E80FBAE}.Debug|Any CPU.ActiveCfg = Debug|Any CPU
		{161C0DF4-0D09-4EE7-A110-33236E80FBAE}.Debug|Any CPU.Build.0 = Debug|Any CPU
		{161C0DF4-0D09-4EE7-A110-33236E80FBAE}.Release|Any CPU.ActiveCfg = Release|Any CPU
		{161C0DF4-0D09-4EE7-A110-33236E80FBAE}.Release|Any CPU.Build.0 = Release|Any CPU
		{14308D1C-7BF8-45FE-B718-B968A2165D19}.Debug|Any CPU.ActiveCfg = Debug|Any CPU
		{14308D1C-7BF8-45FE-B718-B968A2165D19}.Debug|Any CPU.Build.0 = Debug|Any CPU
		{14308D1C-7BF8-45FE-B718-B968A2165D19}.Release|Any CPU.ActiveCfg = Release|Any CPU
		{14308D1C-7BF8-45FE-B718-B968A2165D19}.Release|Any CPU.Build.0 = Release|Any CPU
	EndGlobalSection
	GlobalSection(SolutionProperties) = preSolution
		HideSolutionNode = FALSE
	EndGlobalSection
	GlobalSection(ExtensibilityGlobals) = postSolution
		SolutionGuid = {561A2D75-B353-4D87-8FBD-5856086043E4}
	EndGlobalSection
EndGlobal
